<?xml version="1.0" encoding="utf-8"?>
<Project ToolsVersion="4.0" xmlns="http://schemas.microsoft.com/developer/msbuild/2003">
  <ItemGroup>
    <Filter Include="소스 파일">
      <UniqueIdentifier>{4FC737F1-C7A5-4376-A066-2A32D752A2FF}</UniqueIdentifier>
      <Extensions>cpp;c;cc;cxx;def;odl;idl;hpj;bat;asm;asmx</Extensions>
    </Filter>
    <Filter Include="헤더 파일">
      <UniqueIdentifier>{93995380-89BD-4b04-88EB-625FBE52EBFB}</UniqueIdentifier>
      <Extensions>h;hh;hpp;hxx;hm;inl;inc;ipp;xsd</Extensions>
    </Filter>
    <Filter Include="리소스 파일">
      <UniqueIdentifier>{67DA6AB6-F800-4c08-8B7A-83BB121AAD01}</UniqueIdentifier>
      <Extensions>rc;ico;cur;bmp;dlg;rc2;rct;bin;rgs;gif;jpg;jpeg;jpe;resx;tiff;tif;png;wav;mfcribbon-ms</Extensions>
    </Filter>
    <Filter Include="2DGameFramework">
      <UniqueIdentifier>{d4228325-ab86-4575-8d38-59949d73a0ec}</UniqueIdentifier>
    </Filter>
    <Filter Include="playGround">
      <UniqueIdentifier>{84513b37-b08c-49e4-bd15-6f8f6752b18e}</UniqueIdentifier>
    </Filter>
    <Filter Include="2DGameFramework\SingletonBase">
      <UniqueIdentifier>{8785790c-f93f-411d-90ff-bd2e05bd6334}</UniqueIdentifier>
    </Filter>
    <Filter Include="2DGameFramework\Manager">
      <UniqueIdentifier>{ddfb3dc3-ec5a-4752-880c-db14429b78a1}</UniqueIdentifier>
    </Filter>
    <Filter Include="2DGameFramework\image">
      <UniqueIdentifier>{73affc36-76a7-43ee-9dc2-13a65e5a5209}</UniqueIdentifier>
    </Filter>
    <Filter Include="2DGameFramework\Utils">
      <UniqueIdentifier>{dbe4a488-41b4-49cf-8cff-49dbace1d532}</UniqueIdentifier>
    </Filter>
    <Filter Include="2DGameFramework\progressBar">
      <UniqueIdentifier>{9a0b5f25-5b01-4b62-adf0-250e9c46acef}</UniqueIdentifier>
    </Filter>
    <Filter Include="2DGameFramework\txtData">
      <UniqueIdentifier>{b0748259-6cd0-418a-aed2-412f85d75813}</UniqueIdentifier>
    </Filter>
    <Filter Include="2DGameFramework\timer">
      <UniqueIdentifier>{51ba2134-09a6-4e4a-a113-fec61f8f954a}</UniqueIdentifier>
    </Filter>
    <Filter Include="2DGameFramework\animation">
      <UniqueIdentifier>{fb20fc3d-f78c-4396-a07a-e840a861adde}</UniqueIdentifier>
    </Filter>
    <Filter Include="2DGameFramework\effect">
      <UniqueIdentifier>{636d27ed-03a5-48da-b1cf-b7f6dad3d4bf}</UniqueIdentifier>
    </Filter>
    <Filter Include="playGround\player">
      <UniqueIdentifier>{79dfc21b-e46b-41a5-b2bf-7742022606f4}</UniqueIdentifier>
    </Filter>
    <Filter Include="playGround\stage">
      <UniqueIdentifier>{69fbbfc7-ab1c-4afa-9b34-d439ab3a3810}</UniqueIdentifier>
    </Filter>
    <Filter Include="playGround\stage\title">
      <UniqueIdentifier>{f2884eef-b67c-4244-b253-e2ea6c7851c2}</UniqueIdentifier>
    </Filter>
    <Filter Include="playGround\stage\1-0">
      <UniqueIdentifier>{00eb6de4-d353-44f7-9b1b-b7b98cac3268}</UniqueIdentifier>
    </Filter>
    <Filter Include="playGround\UI">
      <UniqueIdentifier>{7e29be2b-301c-44ef-8127-9564dd69ab5b}</UniqueIdentifier>
    </Filter>
    <Filter Include="playGround\bullet">
      <UniqueIdentifier>{36bdeadc-a94a-4598-a94f-18cf00cb53ab}</UniqueIdentifier>
    </Filter>
    <Filter Include="playGround\enemy">
      <UniqueIdentifier>{1d54196b-96dd-468f-a9e0-22012aec1fdc}</UniqueIdentifier>
    </Filter>
    <Filter Include="playGround\item">
      <UniqueIdentifier>{277ce56b-4736-4066-bd27-e7ef4272d568}</UniqueIdentifier>
    </Filter>
    <Filter Include="playGround\skill">
      <UniqueIdentifier>{cfa37c5d-60fc-47e6-8a09-3b0bbcce0c96}</UniqueIdentifier>
    </Filter>
  </ItemGroup>
  <ItemGroup>
    <ClInclude Include="stdafx.h">
      <Filter>헤더 파일</Filter>
    </ClInclude>
    <ClInclude Include="targetver.h">
      <Filter>헤더 파일</Filter>
    </ClInclude>
    <ClInclude Include="Resource.h">
      <Filter>헤더 파일</Filter>
    </ClInclude>
    <ClInclude Include="commonMacroFunction.h">
      <Filter>헤더 파일</Filter>
    </ClInclude>
    <ClInclude Include="gameNode.h">
      <Filter>2DGameFramework</Filter>
    </ClInclude>
    <ClInclude Include="singletonBase.h">
      <Filter>2DGameFramework\SingletonBase</Filter>
    </ClInclude>
    <ClInclude Include="randomFunction.h">
      <Filter>헤더 파일</Filter>
    </ClInclude>
    <ClInclude Include="keyManager.h">
      <Filter>2DGameFramework\Manager</Filter>
    </ClInclude>
    <ClInclude Include="image.h">
      <Filter>2DGameFramework\image</Filter>
    </ClInclude>
    <ClInclude Include="utils.h">
      <Filter>2DGameFramework\Utils</Filter>
    </ClInclude>
    <ClInclude Include="imageManager.h">
      <Filter>2DGameFramework\Manager</Filter>
    </ClInclude>
    <ClInclude Include="progressBar.h">
      <Filter>2DGameFramework\progressBar</Filter>
    </ClInclude>
    <ClInclude Include="txtData.h">
      <Filter>2DGameFramework\txtData</Filter>
    </ClInclude>
    <ClInclude Include="timer.h">
      <Filter>2DGameFramework\timer</Filter>
    </ClInclude>
    <ClInclude Include="timeManager.h">
      <Filter>2DGameFramework\Manager</Filter>
    </ClInclude>
    <ClInclude Include="animation.h">
      <Filter>2DGameFramework\animation</Filter>
    </ClInclude>
    <ClInclude Include="effect.h">
      <Filter>2DGameFramework\effect</Filter>
    </ClInclude>
    <ClInclude Include="effectManager.h">
      <Filter>2DGameFramework\Manager</Filter>
    </ClInclude>
    <ClInclude Include="sceneManager.h">
      <Filter>2DGameFramework\Manager</Filter>
    </ClInclude>
    <ClInclude Include="CameraManger.h">
      <Filter>2DGameFramework\Manager</Filter>
    </ClInclude>
    <ClInclude Include="player.h">
      <Filter>playGround\player</Filter>
    </ClInclude>
    <ClInclude Include="Scene1.h">
      <Filter>playGround\stage\1-0</Filter>
    </ClInclude>
    <ClInclude Include="UI.h">
      <Filter>playGround\UI</Filter>
    </ClInclude>
    <ClInclude Include="playGround.h">
      <Filter>playGround</Filter>
    </ClInclude>
    <ClInclude Include="title.h">
      <Filter>playGround\stage\title</Filter>
    </ClInclude>
    <ClInclude Include="savePlayer.h">
      <Filter>2DGameFramework\Manager</Filter>
    </ClInclude>
    <ClInclude Include="bullet.h">
      <Filter>playGround\bullet</Filter>
    </ClInclude>
    <ClInclude Include="enemy.h">
      <Filter>playGround\enemy</Filter>
    </ClInclude>
    <ClInclude Include="enemyManager.h">
      <Filter>playGround\enemy</Filter>
    </ClInclude>
    <ClInclude Include="eyefly.h">
      <Filter>playGround\enemy</Filter>
    </ClInclude>
    <ClInclude Include="item.h">
      <Filter>playGround\item</Filter>
    </ClInclude>
    <ClInclude Include="skill.h">
      <Filter>playGround\skill</Filter>
    </ClInclude>
    <ClInclude Include="blueFire.h">
      <Filter>playGround\enemy</Filter>
    </ClInclude>
    <ClInclude Include="redFire.h">
      <Filter>playGround\enemy</Filter>
    </ClInclude>
    <ClInclude Include="bossK.h">
      <Filter>playGround\enemy</Filter>
    </ClInclude>
  </ItemGroup>
  <ItemGroup>
    <ClCompile Include="stdafx.cpp">
      <Filter>소스 파일</Filter>
    </ClCompile>
    <ClCompile Include="winMain.cpp">
      <Filter>소스 파일</Filter>
    </ClCompile>
    <ClCompile Include="gameNode.cpp">
      <Filter>2DGameFramework</Filter>
    </ClCompile>
    <ClCompile Include="playGround.cpp">
      <Filter>playGround</Filter>
    </ClCompile>
    <ClCompile Include="keyManager.cpp">
      <Filter>2DGameFramework\Manager</Filter>
    </ClCompile>
    <ClCompile Include="image.cpp">
      <Filter>2DGameFramework\image</Filter>
    </ClCompile>
    <ClCompile Include="utils.cpp">
      <Filter>2DGameFramework\Utils</Filter>
    </ClCompile>
    <ClCompile Include="imageManager.cpp">
      <Filter>2DGameFramework\Manager</Filter>
    </ClCompile>
    <ClCompile Include="progressBar.cpp">
      <Filter>2DGameFramework\progressBar</Filter>
    </ClCompile>
    <ClCompile Include="txtData.cpp">
      <Filter>2DGameFramework\txtData</Filter>
    </ClCompile>
    <ClCompile Include="timer.cpp">
      <Filter>2DGameFramework\timer</Filter>
    </ClCompile>
    <ClCompile Include="timeManager.cpp">
      <Filter>2DGameFramework\Manager</Filter>
    </ClCompile>
    <ClCompile Include="animation.cpp">
      <Filter>2DGameFramework\animation</Filter>
    </ClCompile>
    <ClCompile Include="effect.cpp">
      <Filter>2DGameFramework\effect</Filter>
    </ClCompile>
    <ClCompile Include="effectManager.cpp">
      <Filter>2DGameFramework\Manager</Filter>
    </ClCompile>
    <ClCompile Include="sceneManager.cpp">
      <Filter>2DGameFramework\Manager</Filter>
    </ClCompile>
    <ClCompile Include="CameraManger.cpp">
      <Filter>2DGameFramework\Manager</Filter>
    </ClCompile>
    <ClCompile Include="player.cpp">
      <Filter>playGround\player</Filter>
    </ClCompile>
    <ClCompile Include="title.cpp">
      <Filter>playGround\stage\title</Filter>
    </ClCompile>
    <ClCompile Include="UI.cpp">
      <Filter>playGround\UI</Filter>
    </ClCompile>
    <ClCompile Include="savePlayer.cpp">
      <Filter>2DGameFramework\Manager</Filter>
    </ClCompile>
    <ClCompile Include="bullet.cpp">
      <Filter>playGround\bullet</Filter>
    </ClCompile>
    <ClCompile Include="enemy.cpp">
      <Filter>playGround\enemy</Filter>
    </ClCompile>
    <ClCompile Include="enemyManager.cpp">
      <Filter>playGround\enemy</Filter>
    </ClCompile>
    <ClCompile Include="eyefly.cpp">
      <Filter>playGround\enemy</Filter>
    </ClCompile>
    <ClCompile Include="item.cpp">
      <Filter>playGround\item</Filter>
    </ClCompile>
    <ClCompile Include="Scene1.cpp">
      <Filter>playGround\stage\1-0</Filter>
    </ClCompile>
    <ClCompile Include="skill.cpp">
      <Filter>playGround\skill</Filter>
    </ClCompile>
    <ClCompile Include="blueFire.cpp">
      <Filter>playGround\enemy</Filter>
    </ClCompile>
    <ClCompile Include="redFire.cpp">
      <Filter>playGround\enemy</Filter>
    </ClCompile>
    <ClCompile Include="bossK.cpp">
      <Filter>playGround\enemy</Filter>
    </ClCompile>
  </ItemGroup>
  <ItemGroup>
    <ResourceCompile Include="windowAPI.rc">
      <Filter>리소스 파일</Filter>
    </ResourceCompile>
  </ItemGroup>
  <ItemGroup>
    <Image Include="small.ico">
      <Filter>리소스 파일</Filter>
    </Image>
    <Image Include="windowAPI.ico">
      <Filter>리소스 파일</Filter>
    </Image>
  </ItemGroup>
</Project>